
Microsoft Visual Studio Solution File, Format Version 12.00
# Visual Studio Version 16
VisualStudioVersion = 16.0.31321.278
MinimumVisualStudioVersion = 10.0.40219.1
Project("{FAE04EC0-301F-11D3-BF4B-00C04F79EFBC}") = "VesteMeAPI", "VesteMeAPI.csproj", "{D70DD934-BDA2-40C3-969A-EA582F5C909D}"
EndProject
Global
	GlobalSection(SolutionConfigurationPlatforms) = preSolution
		Debug|Any CPU = Debug|Any CPU
		Release|Any CPU = Release|Any CPU
	EndGlobalSection
	GlobalSection(ProjectConfigurationPlatforms) = postSolution
		{D70DD934-BDA2-40C3-969A-EA582F5C909D}.Debug|Any CPU.ActiveCfg = Debug|Any CPU
		{D70DD934-BDA2-40C3-969A-EA582F5C909D}.Debug|Any CPU.Build.0 = Debug|Any CPU
		{D70DD934-BDA2-40C3-969A-EA582F5C909D}.Release|Any CPU.ActiveCfg = Release|Any CPU
		{D70DD934-BDA2-40C3-969A-EA582F5C909D}.Release|Any CPU.Build.0 = Release|Any CPU
	EndGlobalSection
	GlobalSection(SolutionProperties) = preSolution
		HideSolutionNode = FALSE
	EndGlobalSection
	GlobalSection(ExtensibilityGlobals) = postSolution
		SolutionGuid = {E9AD6E89-4FC0-4D10-A62A-55E80C5DE2AF}
	EndGlobalSection
EndGlobal
